// !$*UTF8*$!
{
	archiveVersion = 1;
	classes = {
	};
	objectVersion = 46;
	objects = {

/* Begin PBXBuildFile section */
		191899191A9A68B200C73208 /* ProfileViewController.m in Sources */ = {isa = PBXBuildFile; fileRef = 191899181A9A68B200C73208 /* ProfileViewController.m */; };
		1918991C1A9A711D00C73208 /* AddPlaceViewController.m in Sources */ = {isa = PBXBuildFile; fileRef = 1918991B1A9A711D00C73208 /* AddPlaceViewController.m */; };
		1931C6061AA8A4E800B76E8B /* Place.m in Sources */ = {isa = PBXBuildFile; fileRef = 1931C6051AA8A4E800B76E8B /* Place.m */; };
		274983E01B04DF580043E092 /* RequestRideCell.m in Sources */ = {isa = PBXBuildFile; fileRef = 274983DF1B04DF580043E092 /* RequestRideCell.m */; };
		274983E31B04DF630043E092 /* SelectOfferViewController.m in Sources */ = {isa = PBXBuildFile; fileRef = 274983E21B04DF630043E092 /* SelectOfferViewController.m */; };
		274983E61B04EC160043E092 /* SelectConfirmationViewController.m in Sources */ = {isa = PBXBuildFile; fileRef = 274983E51B04EC160043E092 /* SelectConfirmationViewController.m */; };
		274A2BBE1A9CD02E00967E42 /* Bolts.framework in Frameworks */ = {isa = PBXBuildFile; fileRef = 274A2BBD1A9CD02E00967E42 /* Bolts.framework */; };
		274A2BC01A9CD03400967E42 /* Parse.framework in Frameworks */ = {isa = PBXBuildFile; fileRef = 274A2BBF1A9CD03400967E42 /* Parse.framework */; };
		27702BF11AAE152B00D20FFA /* Parse.framework in Frameworks */ = {isa = PBXBuildFile; fileRef = 274A2BBF1A9CD03400967E42 /* Parse.framework */; };
		491291001B062A2A0010ACC5 /* blank-profile-picture.png in Resources */ = {isa = PBXBuildFile; fileRef = 491290F61B062A2A0010ACC5 /* blank-profile-picture.png */; };
		491291011B062A2A0010ACC5 /* checked.png in Resources */ = {isa = PBXBuildFile; fileRef = 491290F71B062A2A0010ACC5 /* checked.png */; };
		491291021B062A2A0010ACC5 /* dashboard-icon.png in Resources */ = {isa = PBXBuildFile; fileRef = 491290F81B062A2A0010ACC5 /* dashboard-icon.png */; };
		491291031B062A2A0010ACC5 /* dashboard-icon@2x.png in Resources */ = {isa = PBXBuildFile; fileRef = 491290F91B062A2A0010ACC5 /* dashboard-icon@2x.png */; };
		491291041B062A2A0010ACC5 /* inbox-icon.png in Resources */ = {isa = PBXBuildFile; fileRef = 491290FA1B062A2A0010ACC5 /* inbox-icon.png */; };
		491291051B062A2A0010ACC5 /* inbox-icon@2x.png in Resources */ = {isa = PBXBuildFile; fileRef = 491290FB1B062A2A0010ACC5 /* inbox-icon@2x.png */; };
		491291061B062A2A0010ACC5 /* location.png in Resources */ = {isa = PBXBuildFile; fileRef = 491290FC1B062A2A0010ACC5 /* location.png */; };
		491291071B062A2A0010ACC5 /* unchecked.png in Resources */ = {isa = PBXBuildFile; fileRef = 491290FD1B062A2A0010ACC5 /* unchecked.png */; };
		491291081B062A2A0010ACC5 /* user-icon.png in Resources */ = {isa = PBXBuildFile; fileRef = 491290FE1B062A2A0010ACC5 /* user-icon.png */; };
		491291091B062A2A0010ACC5 /* user-icon@2x.png in Resources */ = {isa = PBXBuildFile; fileRef = 491290FF1B062A2A0010ACC5 /* user-icon@2x.png */; };
		49CA704D1ABB0B2D009DAC79 /* LoginNewViewController.m in Sources */ = {isa = PBXBuildFile; fileRef = 49CA704C1ABB0B2D009DAC79 /* LoginNewViewController.m */; };
		49CA70501ABB1027009DAC79 /* SignupViewController.m in Sources */ = {isa = PBXBuildFile; fileRef = 49CA704F1ABB1027009DAC79 /* SignupViewController.m */; };
		49CA70531ABB321D009DAC79 /* Signup2ViewController.m in Sources */ = {isa = PBXBuildFile; fileRef = 49CA70521ABB321D009DAC79 /* Signup2ViewController.m */; };
		6BA7258D1A9B71C60039DCDC /* AudioToolbox.framework in Frameworks */ = {isa = PBXBuildFile; fileRef = 6BA7258C1A9B71C60039DCDC /* AudioToolbox.framework */; };
		6BA7258F1A9B71CF0039DCDC /* CFNetwork.framework in Frameworks */ = {isa = PBXBuildFile; fileRef = 6BA7258E1A9B71CF0039DCDC /* CFNetwork.framework */; };
		6BA725911A9B71D60039DCDC /* CoreGraphics.framework in Frameworks */ = {isa = PBXBuildFile; fileRef = 6BA725901A9B71D60039DCDC /* CoreGraphics.framework */; };
		6BA725931A9B71DF0039DCDC /* MobileCoreServices.framework in Frameworks */ = {isa = PBXBuildFile; fileRef = 6BA725921A9B71DF0039DCDC /* MobileCoreServices.framework */; };
		6BA725951A9B71E50039DCDC /* QuartzCore.framework in Frameworks */ = {isa = PBXBuildFile; fileRef = 6BA725941A9B71E50039DCDC /* QuartzCore.framework */; };
		6BA725971A9B71EC0039DCDC /* Security.framework in Frameworks */ = {isa = PBXBuildFile; fileRef = 6BA725961A9B71EC0039DCDC /* Security.framework */; };
		6BA725991A9B71F30039DCDC /* StoreKit.framework in Frameworks */ = {isa = PBXBuildFile; fileRef = 6BA725981A9B71F30039DCDC /* StoreKit.framework */; };
		6BA7259B1A9B71FA0039DCDC /* SystemConfiguration.framework in Frameworks */ = {isa = PBXBuildFile; fileRef = 6BA7259A1A9B71FA0039DCDC /* SystemConfiguration.framework */; };
		6BA7259D1A9B72000039DCDC /* libz.dylib in Frameworks */ = {isa = PBXBuildFile; fileRef = 6BA7259C1A9B72000039DCDC /* libz.dylib */; };
		6BA7259F1A9B72080039DCDC /* libsqlite3.dylib in Frameworks */ = {isa = PBXBuildFile; fileRef = 6BA7259E1A9B72080039DCDC /* libsqlite3.dylib */; };
		7E4E14331B0102CD00F3652B /* RequestRideCompleteViewController.m in Sources */ = {isa = PBXBuildFile; fileRef = 7E4E14321B0102CD00F3652B /* RequestRideCompleteViewController.m */; };
		7EF361C31A87C4EC0004D0FC /* main.m in Sources */ = {isa = PBXBuildFile; fileRef = 7EF361C21A87C4EC0004D0FC /* main.m */; };
		7EF361C61A87C4EC0004D0FC /* AppDelegate.m in Sources */ = {isa = PBXBuildFile; fileRef = 7EF361C51A87C4EC0004D0FC /* AppDelegate.m */; };
		7EF361C91A87C4EC0004D0FC /* RideSharingMap.xcdatamodeld in Sources */ = {isa = PBXBuildFile; fileRef = 7EF361C71A87C4EC0004D0FC /* RideSharingMap.xcdatamodeld */; };
		7EF361CF1A87C4EC0004D0FC /* Main.storyboard in Resources */ = {isa = PBXBuildFile; fileRef = 7EF361CD1A87C4EC0004D0FC /* Main.storyboard */; };
		7EF361D11A87C4EC0004D0FC /* Images.xcassets in Resources */ = {isa = PBXBuildFile; fileRef = 7EF361D01A87C4EC0004D0FC /* Images.xcassets */; };
		7EF361D41A87C4EC0004D0FC /* LaunchScreen.xib in Resources */ = {isa = PBXBuildFile; fileRef = 7EF361D21A87C4EC0004D0FC /* LaunchScreen.xib */; };
		7EF361E01A87C4EC0004D0FC /* RideSharingMapTests.m in Sources */ = {isa = PBXBuildFile; fileRef = 7EF361DF1A87C4EC0004D0FC /* RideSharingMapTests.m */; };
		7EF361EE1A87CB910004D0FC /* MapKit.framework in Frameworks */ = {isa = PBXBuildFile; fileRef = 7EF361ED1A87CB910004D0FC /* MapKit.framework */; };
		7EF361F01A87CB9F0004D0FC /* CoreLocation.framework in Frameworks */ = {isa = PBXBuildFile; fileRef = 7EF361EF1A87CB9F0004D0FC /* CoreLocation.framework */; };
		C560AB471B019AD40072E5E0 /* JourneyView.m in Sources */ = {isa = PBXBuildFile; fileRef = C560AB461B019AD40072E5E0 /* JourneyView.m */; };
		C5A542371A9FB2B3004A4303 /* InboxViewController.m in Sources */ = {isa = PBXBuildFile; fileRef = C5A542361A9FB2B3004A4303 /* InboxViewController.m */; };
		C5A5423A1A9FB2DD004A4303 /* DashboardViewController.m in Sources */ = {isa = PBXBuildFile; fileRef = C5A542391A9FB2DD004A4303 /* DashboardViewController.m */; };
		C5D9603C1ADEB631002DF274 /* Journey.m in Sources */ = {isa = PBXBuildFile; fileRef = C5D9603B1ADEB631002DF274 /* Journey.m */; };
		C5EA054C1ADE77AE007F2FD5 /* InboxAccepted.m in Sources */ = {isa = PBXBuildFile; fileRef = C5EA054B1ADE77AE007F2FD5 /* InboxAccepted.m */; };
		C5EA054F1ADE77D1007F2FD5 /* InboxRequest.m in Sources */ = {isa = PBXBuildFile; fileRef = C5EA054E1ADE77D1007F2FD5 /* InboxRequest.m */; };
		EB08F8921AD4971A006C6AA5 /* InfoCell.m in Sources */ = {isa = PBXBuildFile; fileRef = EB08F8911AD4971A006C6AA5 /* InfoCell.m */; };
		EB8F11151AAE1B92002C7EAB /* EditProfileViewController.m in Sources */ = {isa = PBXBuildFile; fileRef = EB8F11141AAE1B92002C7EAB /* EditProfileViewController.m */; };
		EB99313C1ADD52E500532271 /* GettingRideCell.m in Sources */ = {isa = PBXBuildFile; fileRef = EB99313B1ADD52E500532271 /* GettingRideCell.m */; };
		EB99313F1ADD538100532271 /* GivingRideCell.m in Sources */ = {isa = PBXBuildFile; fileRef = EB99313E1ADD538100532271 /* GivingRideCell.m */; };
		EB9ECE001ADC5739002A954E /* GenderPickerCell.m in Sources */ = {isa = PBXBuildFile; fileRef = EB9ECDFF1ADC5739002A954E /* GenderPickerCell.m */; };
		EB9FE8B71B0396C4005AABD8 /* User.m in Sources */ = {isa = PBXBuildFile; fileRef = EB9FE8B61B0396C4005AABD8 /* User.m */; };
		EBBEE6B41ACD98A300E76C4E /* InterestsViewController.m in Sources */ = {isa = PBXBuildFile; fileRef = EBBEE6B31ACD98A300E76C4E /* InterestsViewController.m */; };
		EE525DB91ADDCE17009DA645 /* Ride.m in Sources */ = {isa = PBXBuildFile; fileRef = EE525DB81ADDCE17009DA645 /* Ride.m */; };
		EE525DC11ADDCE26009DA645 /* OfferRideDestinationViewController.m in Sources */ = {isa = PBXBuildFile; fileRef = EE525DBC1ADDCE26009DA645 /* OfferRideDestinationViewController.m */; };
		EE525DC21ADDCE26009DA645 /* OfferRideStartViewController.m in Sources */ = {isa = PBXBuildFile; fileRef = EE525DBE1ADDCE26009DA645 /* OfferRideStartViewController.m */; };
		EE525DC31ADDCE26009DA645 /* OfferRideTimeViewController.m in Sources */ = {isa = PBXBuildFile; fileRef = EE525DC01ADDCE26009DA645 /* OfferRideTimeViewController.m */; };
/* End PBXBuildFile section */

/* Begin PBXContainerItemProxy section */
		7EF361DA1A87C4EC0004D0FC /* PBXContainerItemProxy */ = {
			isa = PBXContainerItemProxy;
			containerPortal = 7EF361B51A87C4EC0004D0FC /* Project object */;
			proxyType = 1;
			remoteGlobalIDString = 7EF361BC1A87C4EC0004D0FC;
			remoteInfo = RideSharingMap;
		};
/* End PBXContainerItemProxy section */

/* Begin PBXFileReference section */
		191899171A9A68B200C73208 /* ProfileViewController.h */ = {isa = PBXFileReference; fileEncoding = 4; lastKnownFileType = sourcecode.c.h; path = ProfileViewController.h; sourceTree = "<group>"; };
		191899181A9A68B200C73208 /* ProfileViewController.m */ = {isa = PBXFileReference; fileEncoding = 4; lastKnownFileType = sourcecode.c.objc; path = ProfileViewController.m; sourceTree = "<group>"; };
		1918991A1A9A711D00C73208 /* AddPlaceViewController.h */ = {isa = PBXFileReference; fileEncoding = 4; lastKnownFileType = sourcecode.c.h; path = AddPlaceViewController.h; sourceTree = "<group>"; };
		1918991B1A9A711D00C73208 /* AddPlaceViewController.m */ = {isa = PBXFileReference; fileEncoding = 4; lastKnownFileType = sourcecode.c.objc; path = AddPlaceViewController.m; sourceTree = "<group>"; };
		1931C6041AA8A4E800B76E8B /* Place.h */ = {isa = PBXFileReference; fileEncoding = 4; lastKnownFileType = sourcecode.c.h; path = Place.h; sourceTree = "<group>"; };
		1931C6051AA8A4E800B76E8B /* Place.m */ = {isa = PBXFileReference; fileEncoding = 4; lastKnownFileType = sourcecode.c.objc; path = Place.m; sourceTree = "<group>"; };
		274983DE1B04DF580043E092 /* RequestRideCell.h */ = {isa = PBXFileReference; fileEncoding = 4; lastKnownFileType = sourcecode.c.h; path = RequestRideCell.h; sourceTree = "<group>"; };
		274983DF1B04DF580043E092 /* RequestRideCell.m */ = {isa = PBXFileReference; fileEncoding = 4; lastKnownFileType = sourcecode.c.objc; path = RequestRideCell.m; sourceTree = "<group>"; };
		274983E11B04DF630043E092 /* SelectOfferViewController.h */ = {isa = PBXFileReference; fileEncoding = 4; lastKnownFileType = sourcecode.c.h; path = SelectOfferViewController.h; sourceTree = "<group>"; };
		274983E21B04DF630043E092 /* SelectOfferViewController.m */ = {isa = PBXFileReference; fileEncoding = 4; lastKnownFileType = sourcecode.c.objc; path = SelectOfferViewController.m; sourceTree = "<group>"; };
		274983E41B04EC160043E092 /* SelectConfirmationViewController.h */ = {isa = PBXFileReference; fileEncoding = 4; lastKnownFileType = sourcecode.c.h; path = SelectConfirmationViewController.h; sourceTree = "<group>"; };
		274983E51B04EC160043E092 /* SelectConfirmationViewController.m */ = {isa = PBXFileReference; fileEncoding = 4; lastKnownFileType = sourcecode.c.objc; path = SelectConfirmationViewController.m; sourceTree = "<group>"; };
		274A2BBD1A9CD02E00967E42 /* Bolts.framework */ = {isa = PBXFileReference; lastKnownFileType = wrapper.framework; path = Bolts.framework; sourceTree = "<group>"; };
		274A2BBF1A9CD03400967E42 /* Parse.framework */ = {isa = PBXFileReference; lastKnownFileType = wrapper.framework; path = Parse.framework; sourceTree = "<group>"; };
		491290F61B062A2A0010ACC5 /* blank-profile-picture.png */ = {isa = PBXFileReference; lastKnownFileType = image.png; name = "blank-profile-picture.png"; path = "Images/blank-profile-picture.png"; sourceTree = "<group>"; };
		491290F71B062A2A0010ACC5 /* checked.png */ = {isa = PBXFileReference; lastKnownFileType = image.png; name = checked.png; path = Images/checked.png; sourceTree = "<group>"; };
		491290F81B062A2A0010ACC5 /* dashboard-icon.png */ = {isa = PBXFileReference; lastKnownFileType = image.png; name = "dashboard-icon.png"; path = "Images/dashboard-icon.png"; sourceTree = "<group>"; };
		491290F91B062A2A0010ACC5 /* dashboard-icon@2x.png */ = {isa = PBXFileReference; lastKnownFileType = image.png; name = "dashboard-icon@2x.png"; path = "Images/dashboard-icon@2x.png"; sourceTree = "<group>"; };
		491290FA1B062A2A0010ACC5 /* inbox-icon.png */ = {isa = PBXFileReference; lastKnownFileType = image.png; name = "inbox-icon.png"; path = "Images/inbox-icon.png"; sourceTree = "<group>"; };
		491290FB1B062A2A0010ACC5 /* inbox-icon@2x.png */ = {isa = PBXFileReference; lastKnownFileType = image.png; name = "inbox-icon@2x.png"; path = "Images/inbox-icon@2x.png"; sourceTree = "<group>"; };
		491290FC1B062A2A0010ACC5 /* location.png */ = {isa = PBXFileReference; lastKnownFileType = image.png; name = location.png; path = Images/location.png; sourceTree = "<group>"; };
		491290FD1B062A2A0010ACC5 /* unchecked.png */ = {isa = PBXFileReference; lastKnownFileType = image.png; name = unchecked.png; path = Images/unchecked.png; sourceTree = "<group>"; };
		491290FE1B062A2A0010ACC5 /* user-icon.png */ = {isa = PBXFileReference; lastKnownFileType = image.png; name = "user-icon.png"; path = "Images/user-icon.png"; sourceTree = "<group>"; };
		491290FF1B062A2A0010ACC5 /* user-icon@2x.png */ = {isa = PBXFileReference; lastKnownFileType = image.png; name = "user-icon@2x.png"; path = "Images/user-icon@2x.png"; sourceTree = "<group>"; };
		49CA704B1ABB0B2D009DAC79 /* LoginNewViewController.h */ = {isa = PBXFileReference; fileEncoding = 4; lastKnownFileType = sourcecode.c.h; path = LoginNewViewController.h; sourceTree = "<group>"; };
		49CA704C1ABB0B2D009DAC79 /* LoginNewViewController.m */ = {isa = PBXFileReference; fileEncoding = 4; lastKnownFileType = sourcecode.c.objc; path = LoginNewViewController.m; sourceTree = "<group>"; };
		49CA704E1ABB1027009DAC79 /* SignupViewController.h */ = {isa = PBXFileReference; fileEncoding = 4; lastKnownFileType = sourcecode.c.h; path = SignupViewController.h; sourceTree = "<group>"; };
		49CA704F1ABB1027009DAC79 /* SignupViewController.m */ = {isa = PBXFileReference; fileEncoding = 4; lastKnownFileType = sourcecode.c.objc; path = SignupViewController.m; sourceTree = "<group>"; };
		49CA70511ABB321D009DAC79 /* Signup2ViewController.h */ = {isa = PBXFileReference; fileEncoding = 4; lastKnownFileType = sourcecode.c.h; path = Signup2ViewController.h; sourceTree = "<group>"; };
		49CA70521ABB321D009DAC79 /* Signup2ViewController.m */ = {isa = PBXFileReference; fileEncoding = 4; lastKnownFileType = sourcecode.c.objc; path = Signup2ViewController.m; sourceTree = "<group>"; };
		49CFB9301B034AB6008CF25F /* userDefines.h */ = {isa = PBXFileReference; lastKnownFileType = sourcecode.c.h; path = userDefines.h; sourceTree = "<group>"; };
		6BA7258C1A9B71C60039DCDC /* AudioToolbox.framework */ = {isa = PBXFileReference; lastKnownFileType = wrapper.framework; name = AudioToolbox.framework; path = System/Library/Frameworks/AudioToolbox.framework; sourceTree = SDKROOT; };
		6BA7258E1A9B71CF0039DCDC /* CFNetwork.framework */ = {isa = PBXFileReference; lastKnownFileType = wrapper.framework; name = CFNetwork.framework; path = System/Library/Frameworks/CFNetwork.framework; sourceTree = SDKROOT; };
		6BA725901A9B71D60039DCDC /* CoreGraphics.framework */ = {isa = PBXFileReference; lastKnownFileType = wrapper.framework; name = CoreGraphics.framework; path = System/Library/Frameworks/CoreGraphics.framework; sourceTree = SDKROOT; };
		6BA725921A9B71DF0039DCDC /* MobileCoreServices.framework */ = {isa = PBXFileReference; lastKnownFileType = wrapper.framework; name = MobileCoreServices.framework; path = System/Library/Frameworks/MobileCoreServices.framework; sourceTree = SDKROOT; };
		6BA725941A9B71E50039DCDC /* QuartzCore.framework */ = {isa = PBXFileReference; lastKnownFileType = wrapper.framework; name = QuartzCore.framework; path = System/Library/Frameworks/QuartzCore.framework; sourceTree = SDKROOT; };
		6BA725961A9B71EC0039DCDC /* Security.framework */ = {isa = PBXFileReference; lastKnownFileType = wrapper.framework; name = Security.framework; path = System/Library/Frameworks/Security.framework; sourceTree = SDKROOT; };
		6BA725981A9B71F30039DCDC /* StoreKit.framework */ = {isa = PBXFileReference; lastKnownFileType = wrapper.framework; name = StoreKit.framework; path = System/Library/Frameworks/StoreKit.framework; sourceTree = SDKROOT; };
		6BA7259A1A9B71FA0039DCDC /* SystemConfiguration.framework */ = {isa = PBXFileReference; lastKnownFileType = wrapper.framework; name = SystemConfiguration.framework; path = System/Library/Frameworks/SystemConfiguration.framework; sourceTree = SDKROOT; };
		6BA7259C1A9B72000039DCDC /* libz.dylib */ = {isa = PBXFileReference; lastKnownFileType = "compiled.mach-o.dylib"; name = libz.dylib; path = usr/lib/libz.dylib; sourceTree = SDKROOT; };
		6BA7259E1A9B72080039DCDC /* libsqlite3.dylib */ = {isa = PBXFileReference; lastKnownFileType = "compiled.mach-o.dylib"; name = libsqlite3.dylib; path = usr/lib/libsqlite3.dylib; sourceTree = SDKROOT; };
		7E4E14311B0102CD00F3652B /* RequestRideCompleteViewController.h */ = {isa = PBXFileReference; fileEncoding = 4; lastKnownFileType = sourcecode.c.h; path = RequestRideCompleteViewController.h; sourceTree = "<group>"; };
		7E4E14321B0102CD00F3652B /* RequestRideCompleteViewController.m */ = {isa = PBXFileReference; fileEncoding = 4; lastKnownFileType = sourcecode.c.objc; path = RequestRideCompleteViewController.m; sourceTree = "<group>"; };
		7EF361BD1A87C4EC0004D0FC /* RideSharingMap.app */ = {isa = PBXFileReference; explicitFileType = wrapper.application; includeInIndex = 0; path = RideSharingMap.app; sourceTree = BUILT_PRODUCTS_DIR; };
		7EF361C11A87C4EC0004D0FC /* Info.plist */ = {isa = PBXFileReference; lastKnownFileType = text.plist.xml; path = Info.plist; sourceTree = "<group>"; };
		7EF361C21A87C4EC0004D0FC /* main.m */ = {isa = PBXFileReference; lastKnownFileType = sourcecode.c.objc; path = main.m; sourceTree = "<group>"; };
		7EF361C41A87C4EC0004D0FC /* AppDelegate.h */ = {isa = PBXFileReference; lastKnownFileType = sourcecode.c.h; path = AppDelegate.h; sourceTree = "<group>"; };
		7EF361C51A87C4EC0004D0FC /* AppDelegate.m */ = {isa = PBXFileReference; lastKnownFileType = sourcecode.c.objc; path = AppDelegate.m; sourceTree = "<group>"; };
		7EF361C81A87C4EC0004D0FC /* RideSharingMap.xcdatamodel */ = {isa = PBXFileReference; lastKnownFileType = wrapper.xcdatamodel; path = RideSharingMap.xcdatamodel; sourceTree = "<group>"; };
		7EF361CE1A87C4EC0004D0FC /* Base */ = {isa = PBXFileReference; lastKnownFileType = file.storyboard; name = Base; path = Base.lproj/Main.storyboard; sourceTree = "<group>"; };
		7EF361D01A87C4EC0004D0FC /* Images.xcassets */ = {isa = PBXFileReference; lastKnownFileType = folder.assetcatalog; path = Images.xcassets; sourceTree = "<group>"; };
		7EF361D31A87C4EC0004D0FC /* Base */ = {isa = PBXFileReference; lastKnownFileType = file.xib; name = Base; path = Base.lproj/LaunchScreen.xib; sourceTree = "<group>"; };
		7EF361D91A87C4EC0004D0FC /* RideSharingMapTests.xctest */ = {isa = PBXFileReference; explicitFileType = wrapper.cfbundle; includeInIndex = 0; path = RideSharingMapTests.xctest; sourceTree = BUILT_PRODUCTS_DIR; };
		7EF361DE1A87C4EC0004D0FC /* Info.plist */ = {isa = PBXFileReference; lastKnownFileType = text.plist.xml; path = Info.plist; sourceTree = "<group>"; };
		7EF361DF1A87C4EC0004D0FC /* RideSharingMapTests.m */ = {isa = PBXFileReference; lastKnownFileType = sourcecode.c.objc; path = RideSharingMapTests.m; sourceTree = "<group>"; };
		7EF361ED1A87CB910004D0FC /* MapKit.framework */ = {isa = PBXFileReference; lastKnownFileType = wrapper.framework; name = MapKit.framework; path = System/Library/Frameworks/MapKit.framework; sourceTree = SDKROOT; };
		7EF361EF1A87CB9F0004D0FC /* CoreLocation.framework */ = {isa = PBXFileReference; lastKnownFileType = wrapper.framework; name = CoreLocation.framework; path = System/Library/Frameworks/CoreLocation.framework; sourceTree = SDKROOT; };
		C560AB451B019AD40072E5E0 /* JourneyView.h */ = {isa = PBXFileReference; fileEncoding = 4; lastKnownFileType = sourcecode.c.h; path = JourneyView.h; sourceTree = "<group>"; };
		C560AB461B019AD40072E5E0 /* JourneyView.m */ = {isa = PBXFileReference; fileEncoding = 4; lastKnownFileType = sourcecode.c.objc; path = JourneyView.m; sourceTree = "<group>"; };
		C5A542351A9FB2B3004A4303 /* InboxViewController.h */ = {isa = PBXFileReference; fileEncoding = 4; lastKnownFileType = sourcecode.c.h; path = InboxViewController.h; sourceTree = "<group>"; };
		C5A542361A9FB2B3004A4303 /* InboxViewController.m */ = {isa = PBXFileReference; fileEncoding = 4; lastKnownFileType = sourcecode.c.objc; path = InboxViewController.m; sourceTree = "<group>"; };
		C5A542381A9FB2DD004A4303 /* DashboardViewController.h */ = {isa = PBXFileReference; fileEncoding = 4; lastKnownFileType = sourcecode.c.h; path = DashboardViewController.h; sourceTree = "<group>"; };
		C5A542391A9FB2DD004A4303 /* DashboardViewController.m */ = {isa = PBXFileReference; fileEncoding = 4; lastKnownFileType = sourcecode.c.objc; path = DashboardViewController.m; sourceTree = "<group>"; };
		C5D9603A1ADEB631002DF274 /* Journey.h */ = {isa = PBXFileReference; fileEncoding = 4; lastKnownFileType = sourcecode.c.h; path = Journey.h; sourceTree = "<group>"; };
		C5D9603B1ADEB631002DF274 /* Journey.m */ = {isa = PBXFileReference; fileEncoding = 4; lastKnownFileType = sourcecode.c.objc; path = Journey.m; sourceTree = "<group>"; };
		C5EA054A1ADE77AE007F2FD5 /* InboxAccepted.h */ = {isa = PBXFileReference; fileEncoding = 4; lastKnownFileType = sourcecode.c.h; path = InboxAccepted.h; sourceTree = "<group>"; };
		C5EA054B1ADE77AE007F2FD5 /* InboxAccepted.m */ = {isa = PBXFileReference; fileEncoding = 4; lastKnownFileType = sourcecode.c.objc; path = InboxAccepted.m; sourceTree = "<group>"; };
		C5EA054D1ADE77D1007F2FD5 /* InboxRequest.h */ = {isa = PBXFileReference; fileEncoding = 4; lastKnownFileType = sourcecode.c.h; path = InboxRequest.h; sourceTree = "<group>"; };
		C5EA054E1ADE77D1007F2FD5 /* InboxRequest.m */ = {isa = PBXFileReference; fileEncoding = 4; lastKnownFileType = sourcecode.c.objc; path = InboxRequest.m; sourceTree = "<group>"; };
		EB08F8901AD4971A006C6AA5 /* InfoCell.h */ = {isa = PBXFileReference; fileEncoding = 4; lastKnownFileType = sourcecode.c.h; path = InfoCell.h; sourceTree = "<group>"; };
		EB08F8911AD4971A006C6AA5 /* InfoCell.m */ = {isa = PBXFileReference; fileEncoding = 4; lastKnownFileType = sourcecode.c.objc; path = InfoCell.m; sourceTree = "<group>"; };
		EB8F11131AAE1B92002C7EAB /* EditProfileViewController.h */ = {isa = PBXFileReference; fileEncoding = 4; lastKnownFileType = sourcecode.c.h; path = EditProfileViewController.h; sourceTree = "<group>"; };
		EB8F11141AAE1B92002C7EAB /* EditProfileViewController.m */ = {isa = PBXFileReference; fileEncoding = 4; lastKnownFileType = sourcecode.c.objc; path = EditProfileViewController.m; sourceTree = "<group>"; };
		EB99313A1ADD52E500532271 /* GettingRideCell.h */ = {isa = PBXFileReference; fileEncoding = 4; lastKnownFileType = sourcecode.c.h; path = GettingRideCell.h; sourceTree = "<group>"; };
		EB99313B1ADD52E500532271 /* GettingRideCell.m */ = {isa = PBXFileReference; fileEncoding = 4; lastKnownFileType = sourcecode.c.objc; path = GettingRideCell.m; sourceTree = "<group>"; };
		EB99313D1ADD538100532271 /* GivingRideCell.h */ = {isa = PBXFileReference; fileEncoding = 4; lastKnownFileType = sourcecode.c.h; path = GivingRideCell.h; sourceTree = "<group>"; };
		EB99313E1ADD538100532271 /* GivingRideCell.m */ = {isa = PBXFileReference; fileEncoding = 4; lastKnownFileType = sourcecode.c.objc; path = GivingRideCell.m; sourceTree = "<group>"; };
		EB9ECDFE1ADC5739002A954E /* GenderPickerCell.h */ = {isa = PBXFileReference; fileEncoding = 4; lastKnownFileType = sourcecode.c.h; path = GenderPickerCell.h; sourceTree = "<group>"; };
		EB9ECDFF1ADC5739002A954E /* GenderPickerCell.m */ = {isa = PBXFileReference; fileEncoding = 4; lastKnownFileType = sourcecode.c.objc; path = GenderPickerCell.m; sourceTree = "<group>"; };
		EB9FE8B51B0396C4005AABD8 /* User.h */ = {isa = PBXFileReference; fileEncoding = 4; lastKnownFileType = sourcecode.c.h; path = User.h; sourceTree = "<group>"; };
		EB9FE8B61B0396C4005AABD8 /* User.m */ = {isa = PBXFileReference; fileEncoding = 4; lastKnownFileType = sourcecode.c.objc; path = User.m; sourceTree = "<group>"; };
		EBBEE6B21ACD98A300E76C4E /* InterestsViewController.h */ = {isa = PBXFileReference; fileEncoding = 4; lastKnownFileType = sourcecode.c.h; path = InterestsViewController.h; sourceTree = "<group>"; };
		EBBEE6B31ACD98A300E76C4E /* InterestsViewController.m */ = {isa = PBXFileReference; fileEncoding = 4; lastKnownFileType = sourcecode.c.objc; path = InterestsViewController.m; sourceTree = "<group>"; };
		EE525DB71ADDCE17009DA645 /* Ride.h */ = {isa = PBXFileReference; fileEncoding = 4; lastKnownFileType = sourcecode.c.h; path = Ride.h; sourceTree = "<group>"; };
		EE525DB81ADDCE17009DA645 /* Ride.m */ = {isa = PBXFileReference; fileEncoding = 4; lastKnownFileType = sourcecode.c.objc; path = Ride.m; sourceTree = "<group>"; };
		EE525DBB1ADDCE26009DA645 /* OfferRideDestinationViewController.h */ = {isa = PBXFileReference; fileEncoding = 4; lastKnownFileType = sourcecode.c.h; path = OfferRideDestinationViewController.h; sourceTree = "<group>"; };
		EE525DBC1ADDCE26009DA645 /* OfferRideDestinationViewController.m */ = {isa = PBXFileReference; fileEncoding = 4; lastKnownFileType = sourcecode.c.objc; path = OfferRideDestinationViewController.m; sourceTree = "<group>"; };
		EE525DBD1ADDCE26009DA645 /* OfferRideStartViewController.h */ = {isa = PBXFileReference; fileEncoding = 4; lastKnownFileType = sourcecode.c.h; path = OfferRideStartViewController.h; sourceTree = "<group>"; };
		EE525DBE1ADDCE26009DA645 /* OfferRideStartViewController.m */ = {isa = PBXFileReference; fileEncoding = 4; lastKnownFileType = sourcecode.c.objc; path = OfferRideStartViewController.m; sourceTree = "<group>"; };
		EE525DBF1ADDCE26009DA645 /* OfferRideTimeViewController.h */ = {isa = PBXFileReference; fileEncoding = 4; lastKnownFileType = sourcecode.c.h; path = OfferRideTimeViewController.h; sourceTree = "<group>"; };
		EE525DC01ADDCE26009DA645 /* OfferRideTimeViewController.m */ = {isa = PBXFileReference; fileEncoding = 4; lastKnownFileType = sourcecode.c.objc; path = OfferRideTimeViewController.m; sourceTree = "<group>"; };
/* End PBXFileReference section */

/* Begin PBXFrameworksBuildPhase section */
		7EF361BA1A87C4EC0004D0FC /* Frameworks */ = {
			isa = PBXFrameworksBuildPhase;
			buildActionMask = 2147483647;
			files = (
				6BA7259F1A9B72080039DCDC /* libsqlite3.dylib in Frameworks */,
				6BA7259D1A9B72000039DCDC /* libz.dylib in Frameworks */,
				6BA7259B1A9B71FA0039DCDC /* SystemConfiguration.framework in Frameworks */,
				6BA725991A9B71F30039DCDC /* StoreKit.framework in Frameworks */,
				6BA725971A9B71EC0039DCDC /* Security.framework in Frameworks */,
				6BA725951A9B71E50039DCDC /* QuartzCore.framework in Frameworks */,
				6BA725931A9B71DF0039DCDC /* MobileCoreServices.framework in Frameworks */,
				274A2BBE1A9CD02E00967E42 /* Bolts.framework in Frameworks */,
				6BA725911A9B71D60039DCDC /* CoreGraphics.framework in Frameworks */,
				6BA7258F1A9B71CF0039DCDC /* CFNetwork.framework in Frameworks */,
				6BA7258D1A9B71C60039DCDC /* AudioToolbox.framework in Frameworks */,
				7EF361F01A87CB9F0004D0FC /* CoreLocation.framework in Frameworks */,
				274A2BC01A9CD03400967E42 /* Parse.framework in Frameworks */,
				7EF361EE1A87CB910004D0FC /* MapKit.framework in Frameworks */,
			);
			runOnlyForDeploymentPostprocessing = 0;
		};
		7EF361D61A87C4EC0004D0FC /* Frameworks */ = {
			isa = PBXFrameworksBuildPhase;
			buildActionMask = 2147483647;
			files = (
				27702BF11AAE152B00D20FFA /* Parse.framework in Frameworks */,
			);
			runOnlyForDeploymentPostprocessing = 0;
		};
/* End PBXFrameworksBuildPhase section */

/* Begin PBXGroup section */
		491290F51B0625790010ACC5 /* Dashboard/Inbox */ = {
			isa = PBXGroup;
			children = (
				C5A542381A9FB2DD004A4303 /* DashboardViewController.h */,
				C5A542391A9FB2DD004A4303 /* DashboardViewController.m */,
				C560AB451B019AD40072E5E0 /* JourneyView.h */,
				C560AB461B019AD40072E5E0 /* JourneyView.m */,
				C5A542351A9FB2B3004A4303 /* InboxViewController.h */,
				C5A542361A9FB2B3004A4303 /* InboxViewController.m */,
			);
			name = Dashboard/Inbox;
			sourceTree = "<group>";
		};
		49CA704A1ABB0B14009DAC79 /* Login/Signup */ = {
			isa = PBXGroup;
			children = (
				49CA704B1ABB0B2D009DAC79 /* LoginNewViewController.h */,
				49CA704C1ABB0B2D009DAC79 /* LoginNewViewController.m */,
				49CA704E1ABB1027009DAC79 /* SignupViewController.h */,
				49CA704F1ABB1027009DAC79 /* SignupViewController.m */,
				49CA70511ABB321D009DAC79 /* Signup2ViewController.h */,
				49CA70521ABB321D009DAC79 /* Signup2ViewController.m */,
			);
			name = Login/Signup;
			sourceTree = "<group>";
		};
		49CA70551ABB3542009DAC79 /* Images */ = {
			isa = PBXGroup;
			children = (
				491290F61B062A2A0010ACC5 /* blank-profile-picture.png */,
				491290F71B062A2A0010ACC5 /* checked.png */,
				491290F81B062A2A0010ACC5 /* dashboard-icon.png */,
				491290F91B062A2A0010ACC5 /* dashboard-icon@2x.png */,
				491290FA1B062A2A0010ACC5 /* inbox-icon.png */,
				491290FB1B062A2A0010ACC5 /* inbox-icon@2x.png */,
				491290FC1B062A2A0010ACC5 /* location.png */,
				491290FD1B062A2A0010ACC5 /* unchecked.png */,
				491290FE1B062A2A0010ACC5 /* user-icon.png */,
				491290FF1B062A2A0010ACC5 /* user-icon@2x.png */,
			);
			name = Images;
			sourceTree = "<group>";
		};
		6BA725A01A9B720E0039DCDC /* Frameworks */ = {
			isa = PBXGroup;
			children = (
				274A2BBF1A9CD03400967E42 /* Parse.framework */,
				274A2BBD1A9CD02E00967E42 /* Bolts.framework */,
				6BA7259E1A9B72080039DCDC /* libsqlite3.dylib */,
				6BA7259C1A9B72000039DCDC /* libz.dylib */,
				6BA7259A1A9B71FA0039DCDC /* SystemConfiguration.framework */,
				6BA725981A9B71F30039DCDC /* StoreKit.framework */,
				6BA725961A9B71EC0039DCDC /* Security.framework */,
				6BA725941A9B71E50039DCDC /* QuartzCore.framework */,
				6BA725921A9B71DF0039DCDC /* MobileCoreServices.framework */,
				6BA725901A9B71D60039DCDC /* CoreGraphics.framework */,
				6BA7258E1A9B71CF0039DCDC /* CFNetwork.framework */,
				6BA7258C1A9B71C60039DCDC /* AudioToolbox.framework */,
				7EF361EF1A87CB9F0004D0FC /* CoreLocation.framework */,
				7EF361ED1A87CB910004D0FC /* MapKit.framework */,
			);
			name = Frameworks;
			sourceTree = "<group>";
		};
		7E1D70081B00CC4A0087A5BB /* Request_ride */ = {
			isa = PBXGroup;
			children = (
				274983E41B04EC160043E092 /* SelectConfirmationViewController.h */,
				274983E51B04EC160043E092 /* SelectConfirmationViewController.m */,
				274983E11B04DF630043E092 /* SelectOfferViewController.h */,
				274983E21B04DF630043E092 /* SelectOfferViewController.m */,
				7E4E14311B0102CD00F3652B /* RequestRideCompleteViewController.h */,
				7E4E14321B0102CD00F3652B /* RequestRideCompleteViewController.m */,
			);
			name = Request_ride;
			sourceTree = "<group>";
		};
		7EF361B41A87C4EC0004D0FC = {
			isa = PBXGroup;
			children = (
				49CA70551ABB3542009DAC79 /* Images */,
				6BA725A01A9B720E0039DCDC /* Frameworks */,
				7EF361BF1A87C4EC0004D0FC /* RideSharingMap */,
				7EF361DC1A87C4EC0004D0FC /* RideSharingMapTests */,
				7EF361BE1A87C4EC0004D0FC /* Products */,
			);
			sourceTree = "<group>";
		};
		7EF361BE1A87C4EC0004D0FC /* Products */ = {
			isa = PBXGroup;
			children = (
				7EF361BD1A87C4EC0004D0FC /* RideSharingMap.app */,
				7EF361D91A87C4EC0004D0FC /* RideSharingMapTests.xctest */,
			);
			name = Products;
			sourceTree = "<group>";
		};
		7EF361BF1A87C4EC0004D0FC /* RideSharingMap */ = {
			isa = PBXGroup;
			children = (
				7EF361CD1A87C4EC0004D0FC /* Main.storyboard */,
				7EF361C41A87C4EC0004D0FC /* AppDelegate.h */,
				7EF361C51A87C4EC0004D0FC /* AppDelegate.m */,
				7E1D70081B00CC4A0087A5BB /* Request_ride */,
				EE525DBA1ADDCE26009DA645 /* Offer_ride */,
				49CA704A1ABB0B14009DAC79 /* Login/Signup */,
				EBF643F01AA9F6E40042F6F8 /* Profile */,
				EB2536F91ADD4AE800B6A23F /* User */,
				EB2536FA1ADD4B0800B6A23F /* Classes */,
				EB9ECE011ADC746D002A954E /* Cells */,
				491290F51B0625790010ACC5 /* Dashboard/Inbox */,
				7EF361D01A87C4EC0004D0FC /* Images.xcassets */,
				7EF361D21A87C4EC0004D0FC /* LaunchScreen.xib */,
				7EF361C71A87C4EC0004D0FC /* RideSharingMap.xcdatamodeld */,
				7EF361C01A87C4EC0004D0FC /* Supporting Files */,
			);
			path = RideSharingMap;
			sourceTree = "<group>";
		};
		7EF361C01A87C4EC0004D0FC /* Supporting Files */ = {
			isa = PBXGroup;
			children = (
				7EF361C11A87C4EC0004D0FC /* Info.plist */,
				7EF361C21A87C4EC0004D0FC /* main.m */,
			);
			name = "Supporting Files";
			sourceTree = "<group>";
		};
		7EF361DC1A87C4EC0004D0FC /* RideSharingMapTests */ = {
			isa = PBXGroup;
			children = (
				7EF361DF1A87C4EC0004D0FC /* RideSharingMapTests.m */,
				7EF361DD1A87C4EC0004D0FC /* Supporting Files */,
			);
			path = RideSharingMapTests;
			sourceTree = "<group>";
		};
		7EF361DD1A87C4EC0004D0FC /* Supporting Files */ = {
			isa = PBXGroup;
			children = (
				7EF361DE1A87C4EC0004D0FC /* Info.plist */,
			);
			name = "Supporting Files";
			sourceTree = "<group>";
		};
		EB2536F91ADD4AE800B6A23F /* User */ = {
			isa = PBXGroup;
			children = (
				EB9FE8B51B0396C4005AABD8 /* User.h */,
				EB9FE8B61B0396C4005AABD8 /* User.m */,
				49CFB9301B034AB6008CF25F /* userDefines.h */,
			);
			name = User;
			sourceTree = "<group>";
		};
		EB2536FA1ADD4B0800B6A23F /* Classes */ = {
			isa = PBXGroup;
			children = (
				C5D9603A1ADEB631002DF274 /* Journey.h */,
				C5D9603B1ADEB631002DF274 /* Journey.m */,
				EE525DB71ADDCE17009DA645 /* Ride.h */,
				EE525DB81ADDCE17009DA645 /* Ride.m */,
				1931C6041AA8A4E800B76E8B /* Place.h */,
				1931C6051AA8A4E800B76E8B /* Place.m */,
			);
			name = Classes;
			sourceTree = "<group>";
		};
		EB9ECE011ADC746D002A954E /* Cells */ = {
			isa = PBXGroup;
			children = (
				EB08F8901AD4971A006C6AA5 /* InfoCell.h */,
				EB08F8911AD4971A006C6AA5 /* InfoCell.m */,
				EB9ECDFE1ADC5739002A954E /* GenderPickerCell.h */,
				EB9ECDFF1ADC5739002A954E /* GenderPickerCell.m */,
				EB99313A1ADD52E500532271 /* GettingRideCell.h */,
				EB99313B1ADD52E500532271 /* GettingRideCell.m */,
				EB99313D1ADD538100532271 /* GivingRideCell.h */,
				EB99313E1ADD538100532271 /* GivingRideCell.m */,
				C5EA054A1ADE77AE007F2FD5 /* InboxAccepted.h */,
				C5EA054B1ADE77AE007F2FD5 /* InboxAccepted.m */,
				C5EA054D1ADE77D1007F2FD5 /* InboxRequest.h */,
				C5EA054E1ADE77D1007F2FD5 /* InboxRequest.m */,
				274983DE1B04DF580043E092 /* RequestRideCell.h */,
				274983DF1B04DF580043E092 /* RequestRideCell.m */,
			);
			name = Cells;
			sourceTree = "<group>";
		};
		EBF643F01AA9F6E40042F6F8 /* Profile */ = {
			isa = PBXGroup;
			children = (
				191899171A9A68B200C73208 /* ProfileViewController.h */,
				191899181A9A68B200C73208 /* ProfileViewController.m */,
				EB8F11131AAE1B92002C7EAB /* EditProfileViewController.h */,
				EB8F11141AAE1B92002C7EAB /* EditProfileViewController.m */,
				EBBEE6B21ACD98A300E76C4E /* InterestsViewController.h */,
				EBBEE6B31ACD98A300E76C4E /* InterestsViewController.m */,
				1918991A1A9A711D00C73208 /* AddPlaceViewController.h */,
				1918991B1A9A711D00C73208 /* AddPlaceViewController.m */,
			);
			name = Profile;
			sourceTree = "<group>";
		};
		EE525DBA1ADDCE26009DA645 /* Offer_ride */ = {
			isa = PBXGroup;
			children = (
				EE525DBB1ADDCE26009DA645 /* OfferRideDestinationViewController.h */,
				EE525DBC1ADDCE26009DA645 /* OfferRideDestinationViewController.m */,
				EE525DBD1ADDCE26009DA645 /* OfferRideStartViewController.h */,
				EE525DBE1ADDCE26009DA645 /* OfferRideStartViewController.m */,
				EE525DBF1ADDCE26009DA645 /* OfferRideTimeViewController.h */,
				EE525DC01ADDCE26009DA645 /* OfferRideTimeViewController.m */,
			);
			path = Offer_ride;
			sourceTree = "<group>";
		};
/* End PBXGroup section */

/* Begin PBXNativeTarget section */
		7EF361BC1A87C4EC0004D0FC /* RideSharingMap */ = {
			isa = PBXNativeTarget;
			buildConfigurationList = 7EF361E31A87C4EC0004D0FC /* Build configuration list for PBXNativeTarget "RideSharingMap" */;
			buildPhases = (
				7EF361B91A87C4EC0004D0FC /* Sources */,
				7EF361BA1A87C4EC0004D0FC /* Frameworks */,
				7EF361BB1A87C4EC0004D0FC /* Resources */,
			);
			buildRules = (
			);
			dependencies = (
			);
			name = RideSharingMap;
			productName = RideSharingMap;
			productReference = 7EF361BD1A87C4EC0004D0FC /* RideSharingMap.app */;
			productType = "com.apple.product-type.application";
		};
		7EF361D81A87C4EC0004D0FC /* RideSharingMapTests */ = {
			isa = PBXNativeTarget;
			buildConfigurationList = 7EF361E61A87C4EC0004D0FC /* Build configuration list for PBXNativeTarget "RideSharingMapTests" */;
			buildPhases = (
				7EF361D51A87C4EC0004D0FC /* Sources */,
				7EF361D61A87C4EC0004D0FC /* Frameworks */,
				7EF361D71A87C4EC0004D0FC /* Resources */,
			);
			buildRules = (
			);
			dependencies = (
				7EF361DB1A87C4EC0004D0FC /* PBXTargetDependency */,
			);
			name = RideSharingMapTests;
			productName = RideSharingMapTests;
			productReference = 7EF361D91A87C4EC0004D0FC /* RideSharingMapTests.xctest */;
			productType = "com.apple.product-type.bundle.unit-test";
		};
/* End PBXNativeTarget section */

/* Begin PBXProject section */
		7EF361B51A87C4EC0004D0FC /* Project object */ = {
			isa = PBXProject;
			attributes = {
				LastUpgradeCheck = 0610;
				ORGANIZATIONNAME = "Vaneet Mehta";
				TargetAttributes = {
					7EF361BC1A87C4EC0004D0FC = {
						CreatedOnToolsVersion = 6.1.1;
						SystemCapabilities = {
							com.apple.Maps.iOS = {
								enabled = 1;
							};
						};
					};
					7EF361D81A87C4EC0004D0FC = {
						CreatedOnToolsVersion = 6.1.1;
						TestTargetID = 7EF361BC1A87C4EC0004D0FC;
					};
				};
			};
			buildConfigurationList = 7EF361B81A87C4EC0004D0FC /* Build configuration list for PBXProject "RideSharingMap" */;
			compatibilityVersion = "Xcode 3.2";
			developmentRegion = English;
			hasScannedForEncodings = 0;
			knownRegions = (
				en,
				Base,
			);
			mainGroup = 7EF361B41A87C4EC0004D0FC;
			productRefGroup = 7EF361BE1A87C4EC0004D0FC /* Products */;
			projectDirPath = "";
			projectRoot = "";
			targets = (
				7EF361BC1A87C4EC0004D0FC /* RideSharingMap */,
				7EF361D81A87C4EC0004D0FC /* RideSharingMapTests */,
			);
		};
/* End PBXProject section */

/* Begin PBXResourcesBuildPhase section */
		7EF361BB1A87C4EC0004D0FC /* Resources */ = {
			isa = PBXResourcesBuildPhase;
			buildActionMask = 2147483647;
			files = (
				491291011B062A2A0010ACC5 /* checked.png in Resources */,
				491291071B062A2A0010ACC5 /* unchecked.png in Resources */,
				7EF361CF1A87C4EC0004D0FC /* Main.storyboard in Resources */,
				491291061B062A2A0010ACC5 /* location.png in Resources */,
				7EF361D41A87C4EC0004D0FC /* LaunchScreen.xib in Resources */,
				491291091B062A2A0010ACC5 /* user-icon@2x.png in Resources */,
				491291081B062A2A0010ACC5 /* user-icon.png in Resources */,
				7EF361D11A87C4EC0004D0FC /* Images.xcassets in Resources */,
				491291001B062A2A0010ACC5 /* blank-profile-picture.png in Resources */,
				491291021B062A2A0010ACC5 /* dashboard-icon.png in Resources */,
				491291031B062A2A0010ACC5 /* dashboard-icon@2x.png in Resources */,
				491291041B062A2A0010ACC5 /* inbox-icon.png in Resources */,
				491291051B062A2A0010ACC5 /* inbox-icon@2x.png in Resources */,
			);
			runOnlyForDeploymentPostprocessing = 0;
		};
		7EF361D71A87C4EC0004D0FC /* Resources */ = {
			isa = PBXResourcesBuildPhase;
			buildActionMask = 2147483647;
			files = (
			);
			runOnlyForDeploymentPostprocessing = 0;
		};
/* End PBXResourcesBuildPhase section */

/* Begin PBXSourcesBuildPhase section */
		7EF361B91A87C4EC0004D0FC /* Sources */ = {
			isa = PBXSourcesBuildPhase;
			buildActionMask = 2147483647;
			files = (
				EBBEE6B41ACD98A300E76C4E /* InterestsViewController.m in Sources */,
				274983E31B04DF630043E092 /* SelectOfferViewController.m in Sources */,
				1918991C1A9A711D00C73208 /* AddPlaceViewController.m in Sources */,
				C5EA054F1ADE77D1007F2FD5 /* InboxRequest.m in Sources */,
				C560AB471B019AD40072E5E0 /* JourneyView.m in Sources */,
				7EF361C91A87C4EC0004D0FC /* RideSharingMap.xcdatamodeld in Sources */,
				EB9ECE001ADC5739002A954E /* GenderPickerCell.m in Sources */,
				7EF361C61A87C4EC0004D0FC /* AppDelegate.m in Sources */,
				EB99313F1ADD538100532271 /* GivingRideCell.m in Sources */,
				EE525DC11ADDCE26009DA645 /* OfferRideDestinationViewController.m in Sources */,
				EB8F11151AAE1B92002C7EAB /* EditProfileViewController.m in Sources */,
				EB08F8921AD4971A006C6AA5 /* InfoCell.m in Sources */,
				EB99313C1ADD52E500532271 /* GettingRideCell.m in Sources */,
				EE525DB91ADDCE17009DA645 /* Ride.m in Sources */,
				EE525DC31ADDCE26009DA645 /* OfferRideTimeViewController.m in Sources */,
				C5EA054C1ADE77AE007F2FD5 /* InboxAccepted.m in Sources */,
				1931C6061AA8A4E800B76E8B /* Place.m in Sources */,
				49CA70531ABB321D009DAC79 /* Signup2ViewController.m in Sources */,
				49CA70501ABB1027009DAC79 /* SignupViewController.m in Sources */,
				EE525DC21ADDCE26009DA645 /* OfferRideStartViewController.m in Sources */,
				C5D9603C1ADEB631002DF274 /* Journey.m in Sources */,
				7E4E14331B0102CD00F3652B /* RequestRideCompleteViewController.m in Sources */,
				274983E01B04DF580043E092 /* RequestRideCell.m in Sources */,
				C5A5423A1A9FB2DD004A4303 /* DashboardViewController.m in Sources */,
				49CA704D1ABB0B2D009DAC79 /* LoginNewViewController.m in Sources */,
				EB9FE8B71B0396C4005AABD8 /* User.m in Sources */,
				C5A542371A9FB2B3004A4303 /* InboxViewController.m in Sources */,
				7EF361C31A87C4EC0004D0FC /* main.m in Sources */,
				191899191A9A68B200C73208 /* ProfileViewController.m in Sources */,
				274983E61B04EC160043E092 /* SelectConfirmationViewController.m in Sources */,
			);
			runOnlyForDeploymentPostprocessing = 0;
		};
		7EF361D51A87C4EC0004D0FC /* Sources */ = {
			isa = PBXSourcesBuildPhase;
			buildActionMask = 2147483647;
			files = (
				7EF361E01A87C4EC0004D0FC /* RideSharingMapTests.m in Sources */,
			);
			runOnlyForDeploymentPostprocessing = 0;
		};
/* End PBXSourcesBuildPhase section */

/* Begin PBXTargetDependency section */
		7EF361DB1A87C4EC0004D0FC /* PBXTargetDependency */ = {
			isa = PBXTargetDependency;
			target = 7EF361BC1A87C4EC0004D0FC /* RideSharingMap */;
			targetProxy = 7EF361DA1A87C4EC0004D0FC /* PBXContainerItemProxy */;
		};
/* End PBXTargetDependency section */

/* Begin PBXVariantGroup section */
		7EF361CD1A87C4EC0004D0FC /* Main.storyboard */ = {
			isa = PBXVariantGroup;
			children = (
				7EF361CE1A87C4EC0004D0FC /* Base */,
			);
			name = Main.storyboard;
			sourceTree = "<group>";
		};
		7EF361D21A87C4EC0004D0FC /* LaunchScreen.xib */ = {
			isa = PBXVariantGroup;
			children = (
				7EF361D31A87C4EC0004D0FC /* Base */,
			);
			name = LaunchScreen.xib;
			sourceTree = "<group>";
		};
/* End PBXVariantGroup section */

/* Begin XCBuildConfiguration section */
		7EF361E11A87C4EC0004D0FC /* Debug */ = {
			isa = XCBuildConfiguration;
			buildSettings = {
				ALWAYS_SEARCH_USER_PATHS = NO;
				CLANG_CXX_LANGUAGE_STANDARD = "gnu++0x";
				CLANG_CXX_LIBRARY = "libc++";
				CLANG_ENABLE_MODULES = YES;
				CLANG_ENABLE_OBJC_ARC = YES;
				CLANG_WARN_BOOL_CONVERSION = YES;
				CLANG_WARN_CONSTANT_CONVERSION = YES;
				CLANG_WARN_DIRECT_OBJC_ISA_USAGE = YES_ERROR;
				CLANG_WARN_EMPTY_BODY = YES;
				CLANG_WARN_ENUM_CONVERSION = YES;
				CLANG_WARN_INT_CONVERSION = YES;
				CLANG_WARN_OBJC_ROOT_CLASS = YES_ERROR;
				CLANG_WARN_UNREACHABLE_CODE = YES;
				CLANG_WARN__DUPLICATE_METHOD_MATCH = YES;
				"CODE_SIGN_IDENTITY[sdk=iphoneos*]" = "iPhone Developer";
				COPY_PHASE_STRIP = NO;
				ENABLE_STRICT_OBJC_MSGSEND = YES;
				GCC_C_LANGUAGE_STANDARD = gnu99;
				GCC_DYNAMIC_NO_PIC = NO;
				GCC_OPTIMIZATION_LEVEL = 0;
				GCC_PREPROCESSOR_DEFINITIONS = (
					"DEBUG=1",
					"$(inherited)",
				);
				GCC_SYMBOLS_PRIVATE_EXTERN = NO;
				GCC_WARN_64_TO_32_BIT_CONVERSION = YES;
				GCC_WARN_ABOUT_RETURN_TYPE = YES_ERROR;
				GCC_WARN_UNDECLARED_SELECTOR = YES;
				GCC_WARN_UNINITIALIZED_AUTOS = YES_AGGRESSIVE;
				GCC_WARN_UNUSED_FUNCTION = YES;
				GCC_WARN_UNUSED_VARIABLE = YES;
				IPHONEOS_DEPLOYMENT_TARGET = 8.1;
				MTL_ENABLE_DEBUG_INFO = YES;
				ONLY_ACTIVE_ARCH = YES;
				SDKROOT = iphoneos;
			};
			name = Debug;
		};
		7EF361E21A87C4EC0004D0FC /* Release */ = {
			isa = XCBuildConfiguration;
			buildSettings = {
				ALWAYS_SEARCH_USER_PATHS = NO;
				CLANG_CXX_LANGUAGE_STANDARD = "gnu++0x";
				CLANG_CXX_LIBRARY = "libc++";
				CLANG_ENABLE_MODULES = YES;
				CLANG_ENABLE_OBJC_ARC = YES;
				CLANG_WARN_BOOL_CONVERSION = YES;
				CLANG_WARN_CONSTANT_CONVERSION = YES;
				CLANG_WARN_DIRECT_OBJC_ISA_USAGE = YES_ERROR;
				CLANG_WARN_EMPTY_BODY = YES;
				CLANG_WARN_ENUM_CONVERSION = YES;
				CLANG_WARN_INT_CONVERSION = YES;
				CLANG_WARN_OBJC_ROOT_CLASS = YES_ERROR;
				CLANG_WARN_UNREACHABLE_CODE = YES;
				CLANG_WARN__DUPLICATE_METHOD_MATCH = YES;
				"CODE_SIGN_IDENTITY[sdk=iphoneos*]" = "iPhone Developer";
				COPY_PHASE_STRIP = YES;
				ENABLE_NS_ASSERTIONS = NO;
				ENABLE_STRICT_OBJC_MSGSEND = YES;
				GCC_C_LANGUAGE_STANDARD = gnu99;
				GCC_WARN_64_TO_32_BIT_CONVERSION = YES;
				GCC_WARN_ABOUT_RETURN_TYPE = YES_ERROR;
				GCC_WARN_UNDECLARED_SELECTOR = YES;
				GCC_WARN_UNINITIALIZED_AUTOS = YES_AGGRESSIVE;
				GCC_WARN_UNUSED_FUNCTION = YES;
				GCC_WARN_UNUSED_VARIABLE = YES;
				IPHONEOS_DEPLOYMENT_TARGET = 8.1;
				MTL_ENABLE_DEBUG_INFO = NO;
				SDKROOT = iphoneos;
				VALIDATE_PRODUCT = YES;
			};
			name = Release;
		};
		7EF361E41A87C4EC0004D0FC /* Debug */ = {
			isa = XCBuildConfiguration;
			buildSettings = {
				ASSETCATALOG_COMPILER_APPICON_NAME = AppIcon;
				FRAMEWORK_SEARCH_PATHS = (
					"$(inherited)",
					"$(PROJECT_DIR)",
				);
				INFOPLIST_FILE = RideSharingMap/Info.plist;
				LD_RUNPATH_SEARCH_PATHS = "$(inherited) @executable_path/Frameworks";
				PRODUCT_NAME = "$(TARGET_NAME)";
			};
			name = Debug;
		};
		7EF361E51A87C4EC0004D0FC /* Release */ = {
			isa = XCBuildConfiguration;
			buildSettings = {
				ASSETCATALOG_COMPILER_APPICON_NAME = AppIcon;
				FRAMEWORK_SEARCH_PATHS = (
					"$(inherited)",
					"$(PROJECT_DIR)",
				);
				INFOPLIST_FILE = RideSharingMap/Info.plist;
				LD_RUNPATH_SEARCH_PATHS = "$(inherited) @executable_path/Frameworks";
				PRODUCT_NAME = "$(TARGET_NAME)";
			};
			name = Release;
		};
		7EF361E71A87C4EC0004D0FC /* Debug */ = {
			isa = XCBuildConfiguration;
			buildSettings = {
				BUNDLE_LOADER = "$(TEST_HOST)";
				FRAMEWORK_SEARCH_PATHS = (
					"$(SDKROOT)/Developer/Library/Frameworks",
					"$(inherited)",
					"$(PROJECT_DIR)",
				);
				GCC_PREPROCESSOR_DEFINITIONS = (
					"DEBUG=1",
					"$(inherited)",
				);
				INFOPLIST_FILE = RideSharingMapTests/Info.plist;
				LD_RUNPATH_SEARCH_PATHS = "$(inherited) @executable_path/Frameworks @loader_path/Frameworks";
				PRODUCT_NAME = "$(TARGET_NAME)";
				TEST_HOST = "$(BUILT_PRODUCTS_DIR)/RideSharingMap.app/RideSharingMap";
			};
			name = Debug;
		};
		7EF361E81A87C4EC0004D0FC /* Release */ = {
			isa = XCBuildConfiguration;
			buildSettings = {
				BUNDLE_LOADER = "$(TEST_HOST)";
				FRAMEWORK_SEARCH_PATHS = (
					"$(SDKROOT)/Developer/Library/Frameworks",
					"$(inherited)",
					"$(PROJECT_DIR)",
				);
				INFOPLIST_FILE = RideSharingMapTests/Info.plist;
				LD_RUNPATH_SEARCH_PATHS = "$(inherited) @executable_path/Frameworks @loader_path/Frameworks";
				PRODUCT_NAME = "$(TARGET_NAME)";
				TEST_HOST = "$(BUILT_PRODUCTS_DIR)/RideSharingMap.app/RideSharingMap";
			};
			name = Release;
		};
/* End XCBuildConfiguration section */

/* Begin XCConfigurationList section */
		7EF361B81A87C4EC0004D0FC /* Build configuration list for PBXProject "RideSharingMap" */ = {
			isa = XCConfigurationList;
			buildConfigurations = (
				7EF361E11A87C4EC0004D0FC /* Debug */,
				7EF361E21A87C4EC0004D0FC /* Release */,
			);
			defaultConfigurationIsVisible = 0;
			defaultConfigurationName = Release;
		};
		7EF361E31A87C4EC0004D0FC /* Build configuration list for PBXNativeTarget "RideSharingMap" */ = {
			isa = XCConfigurationList;
			buildConfigurations = (
				7EF361E41A87C4EC0004D0FC /* Debug */,
				7EF361E51A87C4EC0004D0FC /* Release */,
			);
			defaultConfigurationIsVisible = 0;
			defaultConfigurationName = Release;
		};
		7EF361E61A87C4EC0004D0FC /* Build configuration list for PBXNativeTarget "RideSharingMapTests" */ = {
			isa = XCConfigurationList;
			buildConfigurations = (
				7EF361E71A87C4EC0004D0FC /* Debug */,
				7EF361E81A87C4EC0004D0FC /* Release */,
			);
			defaultConfigurationIsVisible = 0;
			defaultConfigurationName = Release;
		};
/* End XCConfigurationList section */

/* Begin XCVersionGroup section */
		7EF361C71A87C4EC0004D0FC /* RideSharingMap.xcdatamodeld */ = {
			isa = XCVersionGroup;
			children = (
				7EF361C81A87C4EC0004D0FC /* RideSharingMap.xcdatamodel */,
			);
			currentVersion = 7EF361C81A87C4EC0004D0FC /* RideSharingMap.xcdatamodel */;
			path = RideSharingMap.xcdatamodeld;
			sourceTree = "<group>";
			versionGroupType = wrapper.xcdatamodel;
		};
/* End XCVersionGroup section */
	};
	rootObject = 7EF361B51A87C4EC0004D0FC /* Project object */;
}
